
Microsoft Visual Studio Solution File, Format Version 12.00
# Visual Studio Version 17
VisualStudioVersion = 17.1.32328.378
MinimumVisualStudioVersion = 10.0.40219.1
Project("{FAE04EC0-301F-11D3-BF4B-00C04F79EFBC}") = "a", "a\a.csproj", "{23CA3BB9-8A46-4070-A48E-0BB9A61559FA}"
EndProject
Global
	GlobalSection(SolutionConfigurationPlatforms) = preSolution
		Debug|Any CPU = Debug|Any CPU
		Release|Any CPU = Release|Any CPU
	EndGlobalSection
	GlobalSection(ProjectConfigurationPlatforms) = postSolution
		{23CA3BB9-8A46-4070-A48E-0BB9A61559FA}.Debug|Any CPU.ActiveCfg = Debug|Any CPU
		{23CA3BB9-8A46-4070-A48E-0BB9A61559FA}.Debug|Any CPU.Build.0 = Debug|Any CPU
		{23CA3BB9-8A46-4070-A48E-0BB9A61559FA}.Release|Any CPU.ActiveCfg = Release|Any CPU
		{23CA3BB9-8A46-4070-A48E-0BB9A61559FA}.Release|Any CPU.Build.0 = Release|Any CPU
	EndGlobalSection
	GlobalSection(SolutionProperties) = preSolution
		HideSolutionNode = FALSE
	EndGlobalSection
	GlobalSection(ExtensibilityGlobals) = postSolution
		SolutionGuid = {95855874-A86B-4CC8-9B6E-3E30B710002C}
	EndGlobalSection
EndGlobal
